// !$*UTF8*$!
{
	archiveVersion = 1;
	classes = {
	};
	objectVersion = 48;
	objects = {

/* Begin PBXBuildFile section */
		01A4D0AC209633B100CE196F /* PastSearchesCollectionViewController.m in Sources */ = {isa = PBXBuildFile; fileRef = 01A4D0AB209633B100CE196F /* PastSearchesCollectionViewController.m */; };
		01A4D0AF2096340900CE196F /* PastSearchesCollectionViewCell.m in Sources */ = {isa = PBXBuildFile; fileRef = 01A4D0AE2096340900CE196F /* PastSearchesCollectionViewCell.m */; };
		01BF78AC209601390049D9AA /* AppDelegate.m in Sources */ = {isa = PBXBuildFile; fileRef = 01BF78AB209601390049D9AA /* AppDelegate.m */; };
		01BF78AF209601390049D9AA /* ViewController.m in Sources */ = {isa = PBXBuildFile; fileRef = 01BF78AE209601390049D9AA /* ViewController.m */; };
		01BF78B2209601390049D9AA /* Main.storyboard in Resources */ = {isa = PBXBuildFile; fileRef = 01BF78B0209601390049D9AA /* Main.storyboard */; };
		01BF78B5209601390049D9AA /* FlickrApp.xcdatamodeld in Sources */ = {isa = PBXBuildFile; fileRef = 01BF78B3209601390049D9AA /* FlickrApp.xcdatamodeld */; };
		01BF78B7209601390049D9AA /* Assets.xcassets in Resources */ = {isa = PBXBuildFile; fileRef = 01BF78B6209601390049D9AA /* Assets.xcassets */; };
		01BF78BA209601390049D9AA /* LaunchScreen.storyboard in Resources */ = {isa = PBXBuildFile; fileRef = 01BF78B8209601390049D9AA /* LaunchScreen.storyboard */; };
		01BF78BD209601390049D9AA /* main.m in Sources */ = {isa = PBXBuildFile; fileRef = 01BF78BC209601390049D9AA /* main.m */; };
		01BF78C5209604580049D9AA /* SearchResultsCollectionViewController.m in Sources */ = {isa = PBXBuildFile; fileRef = 01BF78C4209604580049D9AA /* SearchResultsCollectionViewController.m */; };
		01BF78C8209604C40049D9AA /* SearchResultsCollectionViewCell.m in Sources */ = {isa = PBXBuildFile; fileRef = 01BF78C7209604C40049D9AA /* SearchResultsCollectionViewCell.m */; };
		01BF78CB209608D80049D9AA /* FlickrInterface.m in Sources */ = {isa = PBXBuildFile; fileRef = 01BF78CA209608D80049D9AA /* FlickrInterface.m */; };
		01BF78CE20960FE70049D9AA /* FlickrPhoto.m in Sources */ = {isa = PBXBuildFile; fileRef = 01BF78CD20960FE70049D9AA /* FlickrPhoto.m */; };
		01BF78F9209631AD0049D9AA /* FlickrQuery.m in Sources */ = {isa = PBXBuildFile; fileRef = 01BF78F8209631AD0049D9AA /* FlickrQuery.m */; };
/* End PBXBuildFile section */

/* Begin PBXFileReference section */
		01A4D0AA209633B100CE196F /* PastSearchesCollectionViewController.h */ = {isa = PBXFileReference; lastKnownFileType = sourcecode.c.h; path = PastSearchesCollectionViewController.h; sourceTree = "<group>"; };
		01A4D0AB209633B100CE196F /* PastSearchesCollectionViewController.m */ = {isa = PBXFileReference; lastKnownFileType = sourcecode.c.objc; path = PastSearchesCollectionViewController.m; sourceTree = "<group>"; };
		01A4D0AD2096340900CE196F /* PastSearchesCollectionViewCell.h */ = {isa = PBXFileReference; lastKnownFileType = sourcecode.c.h; path = PastSearchesCollectionViewCell.h; sourceTree = "<group>"; };
		01A4D0AE2096340900CE196F /* PastSearchesCollectionViewCell.m */ = {isa = PBXFileReference; lastKnownFileType = sourcecode.c.objc; path = PastSearchesCollectionViewCell.m; sourceTree = "<group>"; };
		01BF78A7209601380049D9AA /* FlickrApp.app */ = {isa = PBXFileReference; explicitFileType = wrapper.application; includeInIndex = 0; path = FlickrApp.app; sourceTree = BUILT_PRODUCTS_DIR; };
		01BF78AA209601390049D9AA /* AppDelegate.h */ = {isa = PBXFileReference; lastKnownFileType = sourcecode.c.h; path = AppDelegate.h; sourceTree = "<group>"; };
		01BF78AB209601390049D9AA /* AppDelegate.m */ = {isa = PBXFileReference; lastKnownFileType = sourcecode.c.objc; path = AppDelegate.m; sourceTree = "<group>"; };
		01BF78AD209601390049D9AA /* ViewController.h */ = {isa = PBXFileReference; lastKnownFileType = sourcecode.c.h; path = ViewController.h; sourceTree = "<group>"; };
		01BF78AE209601390049D9AA /* ViewController.m */ = {isa = PBXFileReference; lastKnownFileType = sourcecode.c.objc; path = ViewController.m; sourceTree = "<group>"; };
		01BF78B1209601390049D9AA /* Base */ = {isa = PBXFileReference; lastKnownFileType = file.storyboard; name = Base; path = Base.lproj/Main.storyboard; sourceTree = "<group>"; };
		01BF78B4209601390049D9AA /* FlickrApp.xcdatamodel */ = {isa = PBXFileReference; lastKnownFileType = wrapper.xcdatamodel; path = FlickrApp.xcdatamodel; sourceTree = "<group>"; };
		01BF78B6209601390049D9AA /* Assets.xcassets */ = {isa = PBXFileReference; lastKnownFileType = folder.assetcatalog; path = Assets.xcassets; sourceTree = "<group>"; };
		01BF78B9209601390049D9AA /* Base */ = {isa = PBXFileReference; lastKnownFileType = file.storyboard; name = Base; path = Base.lproj/LaunchScreen.storyboard; sourceTree = "<group>"; };
		01BF78BB209601390049D9AA /* Info.plist */ = {isa = PBXFileReference; lastKnownFileType = text.plist.xml; path = Info.plist; sourceTree = "<group>"; };
		01BF78BC209601390049D9AA /* main.m */ = {isa = PBXFileReference; lastKnownFileType = sourcecode.c.objc; path = main.m; sourceTree = "<group>"; };
		01BF78C3209604580049D9AA /* SearchResultsCollectionViewController.h */ = {isa = PBXFileReference; lastKnownFileType = sourcecode.c.h; path = SearchResultsCollectionViewController.h; sourceTree = "<group>"; };
		01BF78C4209604580049D9AA /* SearchResultsCollectionViewController.m */ = {isa = PBXFileReference; lastKnownFileType = sourcecode.c.objc; path = SearchResultsCollectionViewController.m; sourceTree = "<group>"; };
		01BF78C6209604C40049D9AA /* SearchResultsCollectionViewCell.h */ = {isa = PBXFileReference; lastKnownFileType = sourcecode.c.h; path = SearchResultsCollectionViewCell.h; sourceTree = "<group>"; };
		01BF78C7209604C40049D9AA /* SearchResultsCollectionViewCell.m */ = {isa = PBXFileReference; lastKnownFileType = sourcecode.c.objc; path = SearchResultsCollectionViewCell.m; sourceTree = "<group>"; };
		01BF78C9209608D80049D9AA /* FlickrInterface.h */ = {isa = PBXFileReference; lastKnownFileType = sourcecode.c.h; path = FlickrInterface.h; sourceTree = "<group>"; };
		01BF78CA209608D80049D9AA /* FlickrInterface.m */ = {isa = PBXFileReference; lastKnownFileType = sourcecode.c.objc; path = FlickrInterface.m; sourceTree = "<group>"; };
		01BF78CC20960FE70049D9AA /* FlickrPhoto.h */ = {isa = PBXFileReference; lastKnownFileType = sourcecode.c.h; path = FlickrPhoto.h; sourceTree = "<group>"; };
		01BF78CD20960FE70049D9AA /* FlickrPhoto.m */ = {isa = PBXFileReference; lastKnownFileType = sourcecode.c.objc; path = FlickrPhoto.m; sourceTree = "<group>"; };
		01BF78F7209631AD0049D9AA /* FlickrQuery.h */ = {isa = PBXFileReference; lastKnownFileType = sourcecode.c.h; path = FlickrQuery.h; sourceTree = "<group>"; };
		01BF78F8209631AD0049D9AA /* FlickrQuery.m */ = {isa = PBXFileReference; lastKnownFileType = sourcecode.c.objc; path = FlickrQuery.m; sourceTree = "<group>"; };
/* End PBXFileReference section */

/* Begin PBXFrameworksBuildPhase section */
		01BF78A4209601380049D9AA /* Frameworks */ = {
			isa = PBXFrameworksBuildPhase;
			buildActionMask = 2147483647;
			files = (
			);
			runOnlyForDeploymentPostprocessing = 0;
		};
/* End PBXFrameworksBuildPhase section */

/* Begin PBXGroup section */
		01BF789E209601380049D9AA = {
			isa = PBXGroup;
			children = (
				01BF78A9209601380049D9AA /* FlickrApp */,
				01BF78A8209601380049D9AA /* Products */,
			);
			sourceTree = "<group>";
		};
		01BF78A8209601380049D9AA /* Products */ = {
			isa = PBXGroup;
			children = (
				01BF78A7209601380049D9AA /* FlickrApp.app */,
			);
			name = Products;
			sourceTree = "<group>";
		};
		01BF78A9209601380049D9AA /* FlickrApp */ = {
			isa = PBXGroup;
			children = (
				01BF78AA209601390049D9AA /* AppDelegate.h */,
				01BF78AB209601390049D9AA /* AppDelegate.m */,
				01BF78AD209601390049D9AA /* ViewController.h */,
				01BF78AE209601390049D9AA /* ViewController.m */,
				01BF78B0209601390049D9AA /* Main.storyboard */,
				01BF78B6209601390049D9AA /* Assets.xcassets */,
				01BF78B8209601390049D9AA /* LaunchScreen.storyboard */,
				01BF78BB209601390049D9AA /* Info.plist */,
				01BF78BC209601390049D9AA /* main.m */,
				01BF78B3209601390049D9AA /* FlickrApp.xcdatamodeld */,
				01BF78C3209604580049D9AA /* SearchResultsCollectionViewController.h */,
				01BF78C4209604580049D9AA /* SearchResultsCollectionViewController.m */,
				01BF78C6209604C40049D9AA /* SearchResultsCollectionViewCell.h */,
				01BF78C7209604C40049D9AA /* SearchResultsCollectionViewCell.m */,
				01BF78C9209608D80049D9AA /* FlickrInterface.h */,
				01BF78CA209608D80049D9AA /* FlickrInterface.m */,
				01BF78CC20960FE70049D9AA /* FlickrPhoto.h */,
				01BF78CD20960FE70049D9AA /* FlickrPhoto.m */,
				01BF78F7209631AD0049D9AA /* FlickrQuery.h */,
				01BF78F8209631AD0049D9AA /* FlickrQuery.m */,
				01A4D0AA209633B100CE196F /* PastSearchesCollectionViewController.h */,
				01A4D0AB209633B100CE196F /* PastSearchesCollectionViewController.m */,
				01A4D0AD2096340900CE196F /* PastSearchesCollectionViewCell.h */,
				01A4D0AE2096340900CE196F /* PastSearchesCollectionViewCell.m */,
			);
			path = FlickrApp;
			sourceTree = "<group>";
		};
/* End PBXGroup section */

/* Begin PBXNativeTarget section */
		01BF78A6209601380049D9AA /* FlickrApp */ = {
			isa = PBXNativeTarget;
			buildConfigurationList = 01BF78C0209601390049D9AA /* Build configuration list for PBXNativeTarget "FlickrApp" */;
			buildPhases = (
				01BF78A3209601380049D9AA /* Sources */,
				01BF78A4209601380049D9AA /* Frameworks */,
				01BF78A5209601380049D9AA /* Resources */,
			);
			buildRules = (
			);
			dependencies = (
			);
			name = FlickrApp;
			productName = FlickrApp;
			productReference = 01BF78A7209601380049D9AA /* FlickrApp.app */;
			productType = "com.apple.product-type.application";
		};
/* End PBXNativeTarget section */

/* Begin PBXProject section */
		01BF789F209601380049D9AA /* Project object */ = {
			isa = PBXProject;
			attributes = {
				LastUpgradeCheck = 0920;
				ORGANIZATIONNAME = myrden.com;
				TargetAttributes = {
					01BF78A6209601380049D9AA = {
						CreatedOnToolsVersion = 9.2;
						ProvisioningStyle = Automatic;
					};
				};
			};
			buildConfigurationList = 01BF78A2209601380049D9AA /* Build configuration list for PBXProject "FlickrApp" */;
			compatibilityVersion = "Xcode 8.0";
			developmentRegion = en;
			hasScannedForEncodings = 0;
			knownRegions = (
				en,
				Base,
			);
			mainGroup = 01BF789E209601380049D9AA;
			productRefGroup = 01BF78A8209601380049D9AA /* Products */;
			projectDirPath = "";
			projectRoot = "";
			targets = (
				01BF78A6209601380049D9AA /* FlickrApp */,
			);
		};
/* End PBXProject section */

/* Begin PBXResourcesBuildPhase section */
		01BF78A5209601380049D9AA /* Resources */ = {
			isa = PBXResourcesBuildPhase;
			buildActionMask = 2147483647;
			files = (
				01BF78BA209601390049D9AA /* LaunchScreen.storyboard in Resources */,
				01BF78B7209601390049D9AA /* Assets.xcassets in Resources */,
				01BF78B2209601390049D9AA /* Main.storyboard in Resources */,
			);
			runOnlyForDeploymentPostprocessing = 0;
		};
/* End PBXResourcesBuildPhase section */

/* Begin PBXSourcesBuildPhase section */
		01BF78A3209601380049D9AA /* Sources */ = {
			isa = PBXSourcesBuildPhase;
			buildActionMask = 2147483647;
			files = (
				01BF78CB209608D80049D9AA /* FlickrInterface.m in Sources */,
				01BF78AF209601390049D9AA /* ViewController.m in Sources */,
				01BF78AC209601390049D9AA /* AppDelegate.m in Sources */,
				01BF78F9209631AD0049D9AA /* FlickrQuery.m in Sources */,
				01BF78C5209604580049D9AA /* SearchResultsCollectionViewController.m in Sources */,
				01BF78C8209604C40049D9AA /* SearchResultsCollectionViewCell.m in Sources */,
				01A4D0AF2096340900CE196F /* PastSearchesCollectionViewCell.m in Sources */,
				01A4D0AC209633B100CE196F /* PastSearchesCollectionViewController.m in Sources */,
				01BF78CE20960FE70049D9AA /* FlickrPhoto.m in Sources */,
				01BF78BD209601390049D9AA /* main.m in Sources */,
				01BF78B5209601390049D9AA /* FlickrApp.xcdatamodeld in Sources */,
			);
			runOnlyForDeploymentPostprocessing = 0;
		};
/* End PBXSourcesBuildPhase section */

/* Begin PBXVariantGroup section */
		01BF78B0209601390049D9AA /* Main.storyboard */ = {
			isa = PBXVariantGroup;
			children = (
				01BF78B1209601390049D9AA /* Base */,
			);
			name = Main.storyboard;
			sourceTree = "<group>";
		};
		01BF78B8209601390049D9AA /* LaunchScreen.storyboard */ = {
			isa = PBXVariantGroup;
			children = (
				01BF78B9209601390049D9AA /* Base */,
			);
			name = LaunchScreen.storyboard;
			sourceTree = "<group>";
		};
/* End PBXVariantGroup section */

/* Begin XCBuildConfiguration section */
		01BF78BE209601390049D9AA /* Debug */ = {
			isa = XCBuildConfiguration;
			buildSettings = {
				ALWAYS_SEARCH_USER_PATHS = NO;
				CLANG_ANALYZER_NONNULL = YES;
				CLANG_ANALYZER_NUMBER_OBJECT_CONVERSION = YES_AGGRESSIVE;
				CLANG_CXX_LANGUAGE_STANDARD = "gnu++14";
				CLANG_CXX_LIBRARY = "libc++";
				CLANG_ENABLE_MODULES = YES;
				CLANG_ENABLE_OBJC_ARC = YES;
				CLANG_WARN_BLOCK_CAPTURE_AUTORELEASING = YES;
				CLANG_WARN_BOOL_CONVERSION = YES;
				CLANG_WARN_COMMA = YES;
				CLANG_WARN_CONSTANT_CONVERSION = YES;
				CLANG_WARN_DIRECT_OBJC_ISA_USAGE = YES_ERROR;
				CLANG_WARN_DOCUMENTATION_COMMENTS = YES;
				CLANG_WARN_EMPTY_BODY = YES;
				CLANG_WARN_ENUM_CONVERSION = YES;
				CLANG_WARN_INFINITE_RECURSION = YES;
				CLANG_WARN_INT_CONVERSION = YES;
				CLANG_WARN_NON_LITERAL_NULL_CONVERSION = YES;
				CLANG_WARN_OBJC_LITERAL_CONVERSION = YES;
				CLANG_WARN_OBJC_ROOT_CLASS = YES_ERROR;
				CLANG_WARN_RANGE_LOOP_ANALYSIS = YES;
				CLANG_WARN_STRICT_PROTOTYPES = YES;
				CLANG_WARN_SUSPICIOUS_MOVE = YES;
				CLANG_WARN_UNGUARDED_AVAILABILITY = YES_AGGRESSIVE;
				CLANG_WARN_UNREACHABLE_CODE = YES;
				CLANG_WARN__DUPLICATE_METHOD_MATCH = YES;
				CODE_SIGN_IDENTITY = "iPhone Developer";
				COPY_PHASE_STRIP = NO;
				DEBUG_INFORMATION_FORMAT = dwarf;
				ENABLE_STRICT_OBJC_MSGSEND = YES;
				ENABLE_TESTABILITY = YES;
				GCC_C_LANGUAGE_STANDARD = gnu11;
				GCC_DYNAMIC_NO_PIC = NO;
				GCC_NO_COMMON_BLOCKS = YES;
				GCC_OPTIMIZATION_LEVEL = 0;
				GCC_PREPROCESSOR_DEFINITIONS = (
					"DEBUG=1",
					"$(inherited)",
				);
				GCC_WARN_64_TO_32_BIT_CONVERSION = YES;
				GCC_WARN_ABOUT_RETURN_TYPE = YES_ERROR;
				GCC_WARN_UNDECLARED_SELECTOR = YES;
				GCC_WARN_UNINITIALIZED_AUTOS = YES_AGGRESSIVE;
				GCC_WARN_UNUSED_FUNCTION = YES;
				GCC_WARN_UNUSED_VARIABLE = YES;
				IPHONEOS_DEPLOYMENT_TARGET = 11.2;
				MTL_ENABLE_DEBUG_INFO = YES;
				ONLY_ACTIVE_ARCH = YES;
				SDKROOT = iphoneos;
			};
			name = Debug;
		};
		01BF78BF209601390049D9AA /* Release */ = {
			isa = XCBuildConfiguration;
			buildSettings = {
				ALWAYS_SEARCH_USER_PATHS = NO;
				CLANG_ANALYZER_NONNULL = YES;
				CLANG_ANALYZER_NUMBER_OBJECT_CONVERSION = YES_AGGRESSIVE;
				CLANG_CXX_LANGUAGE_STANDARD = "gnu++14";
				CLANG_CXX_LIBRARY = "libc++";
				CLANG_ENABLE_MODULES = YES;
				CLANG_ENABLE_OBJC_ARC = YES;
				CLANG_WARN_BLOCK_CAPTURE_AUTORELEASING = YES;
				CLANG_WARN_BOOL_CONVERSION = YES;
				CLANG_WARN_COMMA = YES;
				CLANG_WARN_CONSTANT_CONVERSION = YES;
				CLANG_WARN_DIRECT_OBJC_ISA_USAGE = YES_ERROR;
				CLANG_WARN_DOCUMENTATION_COMMENTS = YES;
				CLANG_WARN_EMPTY_BODY = YES;
				CLANG_WARN_ENUM_CONVERSION = YES;
				CLANG_WARN_INFINITE_RECURSION = YES;
				CLANG_WARN_INT_CONVERSION = YES;
				CLANG_WARN_NON_LITERAL_NULL_CONVERSION = YES;
				CLANG_WARN_OBJC_LITERAL_CONVERSION = YES;
				CLANG_WARN_OBJC_ROOT_CLASS = YES_ERROR;
				CLANG_WARN_RANGE_LOOP_ANALYSIS = YES;
				CLANG_WARN_STRICT_PROTOTYPES = YES;
				CLANG_WARN_SUSPICIOUS_MOVE = YES;
				CLANG_WARN_UNGUARDED_AVAILABILITY = YES_AGGRESSIVE;
				CLANG_WARN_UNREACHABLE_CODE = YES;
				CLANG_WARN__DUPLICATE_METHOD_MATCH = YES;
				CODE_SIGN_IDENTITY = "iPhone Developer";
				COPY_PHASE_STRIP = NO;
				DEBUG_INFORMATION_FORMAT = "dwarf-with-dsym";
				ENABLE_NS_ASSERTIONS = NO;
				ENABLE_STRICT_OBJC_MSGSEND = YES;
				GCC_C_LANGUAGE_STANDARD = gnu11;
				GCC_NO_COMMON_BLOCKS = YES;
				GCC_WARN_64_TO_32_BIT_CONVERSION = YES;
				GCC_WARN_ABOUT_RETURN_TYPE = YES_ERROR;
				GCC_WARN_UNDECLARED_SELECTOR = YES;
				GCC_WARN_UNINITIALIZED_AUTOS = YES_AGGRESSIVE;
				GCC_WARN_UNUSED_FUNCTION = YES;
				GCC_WARN_UNUSED_VARIABLE = YES;
				IPHONEOS_DEPLOYMENT_TARGET = 11.2;
				MTL_ENABLE_DEBUG_INFO = NO;
				SDKROOT = iphoneos;
				VALIDATE_PRODUCT = YES;
			};
			name = Release;
		};
		01BF78C1209601390049D9AA /* Debug */ = {
			isa = XCBuildConfiguration;
			buildSettings = {
				ASSETCATALOG_COMPILER_APPICON_NAME = AppIcon;
				CODE_SIGN_STYLE = Automatic;
				INFOPLIST_FILE = FlickrApp/Info.plist;
				LD_RUNPATH_SEARCH_PATHS = "$(inherited) @executable_path/Frameworks";
				PRODUCT_BUNDLE_IDENTIFIER = com.myrden.FlickrApp;
				PRODUCT_NAME = "$(TARGET_NAME)";
				TARGETED_DEVICE_FAMILY = "1,2";
			};
			name = Debug;
		};
		01BF78C2209601390049D9AA /* Release */ = {
			isa = XCBuildConfiguration;
			buildSettings = {
				ASSETCATALOG_COMPILER_APPICON_NAME = AppIcon;
				CODE_SIGN_STYLE = Automatic;
				INFOPLIST_FILE = FlickrApp/Info.plist;
				LD_RUNPATH_SEARCH_PATHS = "$(inherited) @executable_path/Frameworks";
				PRODUCT_BUNDLE_IDENTIFIER = com.myrden.FlickrApp;
				PRODUCT_NAME = "$(TARGET_NAME)";
				TARGETED_DEVICE_FAMILY = "1,2";
			};
			name = Release;
		};
/* End XCBuildConfiguration section */

/* Begin XCConfigurationList section */
		01BF78A2209601380049D9AA /* Build configuration list for PBXProject "FlickrApp" */ = {
			isa = XCConfigurationList;
			buildConfigurations = (
				01BF78BE209601390049D9AA /* Debug */,
				01BF78BF209601390049D9AA /* Release */,
			);
			defaultConfigurationIsVisible = 0;
			defaultConfigurationName = Release;
		};
		01BF78C0209601390049D9AA /* Build configuration list for PBXNativeTarget "FlickrApp" */ = {
			isa = XCConfigurationList;
			buildConfigurations = (
				01BF78C1209601390049D9AA /* Debug */,
				01BF78C2209601390049D9AA /* Release */,
			);
			defaultConfigurationIsVisible = 0;
			defaultConfigurationName = Release;
		};
/* End XCConfigurationList section */

/* Begin XCVersionGroup section */
		01BF78B3209601390049D9AA /* FlickrApp.xcdatamodeld */ = {
			isa = XCVersionGroup;
			children = (
				01BF78B4209601390049D9AA /* FlickrApp.xcdatamodel */,
			);
			currentVersion = 01BF78B4209601390049D9AA /* FlickrApp.xcdatamodel */;
			path = FlickrApp.xcdatamodeld;
			sourceTree = "<group>";
			versionGroupType = wrapper.xcdatamodel;
		};
/* End XCVersionGroup section */
	};
	rootObject = 01BF789F209601380049D9AA /* Project object */;
}
